<?xml version="1.0" encoding="utf-8"?>
<Project ToolsVersion="4.0" xmlns="http://schemas.microsoft.com/developer/msbuild/2003">
  <ItemGroup>
    <Filter Include="Source Files">
      <UniqueIdentifier>{4FC737F1-C7A5-4376-A066-2A32D752A2FF}</UniqueIdentifier>
      <Extensions>cpp;c;cc;cxx;def;odl;idl;hpj;bat;asm;asmx</Extensions>
    </Filter>
    <Filter Include="Header Files">
      <UniqueIdentifier>{93995380-89BD-4b04-88EB-625FBE52EBFB}</UniqueIdentifier>
      <Extensions>h;hpp;tpp</Extensions>
    </Filter>
    <Filter Include="Resource Files">
      <UniqueIdentifier>{67DA6AB6-F800-4c08-8B7A-83BB121AAD01}</UniqueIdentifier>
      <Extensions>rc;ico;cur;bmp;dlg;rc2;rct;bin;rgs;gif;jpg;jpeg;jpe;resx;tiff;tif;png;wav;mfcribbon-ms</Extensions>
    </Filter>
    <Filter Include="Header Files\occa">
      <UniqueIdentifier>{80ce1aaf-1af1-4a72-b46f-e3a57cb1d2d2}</UniqueIdentifier>
    </Filter>
    <Filter Include="Header Files\occa\parser">
      <UniqueIdentifier>{50bbdec3-c9a8-42e6-be3e-c48454ab0b75}</UniqueIdentifier>
    </Filter>
    <Filter Include="Header Files\occa\array">
      <UniqueIdentifier>{b07d2db7-26ee-49ee-9f35-b923520ed813}</UniqueIdentifier>
    </Filter>
    <Filter Include="Header Files\occa\defines">
      <UniqueIdentifier>{52c54fa6-050f-416a-8a58-4b4d8df442d2}</UniqueIdentifier>
    </Filter>
    <Filter Include="Header Files\occa\operators">
      <UniqueIdentifier>{8efc64e0-86c2-47e7-9eae-1057a53dcbdf}</UniqueIdentifier>
    </Filter>
    <Filter Include="Header Files\occa\python">
      <UniqueIdentifier>{58c55e6c-b217-4317-ab1a-09a24a943869}</UniqueIdentifier>
    </Filter>
    <Filter Include="Source Files\operators">
      <UniqueIdentifier>{e9529253-0739-4f4c-970a-b167c3c0e2c3}</UniqueIdentifier>
    </Filter>
    <Filter Include="Source Files\parser">
      <UniqueIdentifier>{9b7662c1-7a89-492f-815d-c0da18549792}</UniqueIdentifier>
    </Filter>
    <Filter Include="Source Files\python">
      <UniqueIdentifier>{82d4dc5b-adbb-43fa-b95d-c16815cb1ff0}</UniqueIdentifier>
    </Filter>
  </ItemGroup>
  <ItemGroup>
    <ClInclude Include="..\..\include\occa\array\array.hpp">
      <Filter>Header Files\occa\array</Filter>
    </ClInclude>
    <ClInclude Include="..\..\include\occa\defines\cpuMode.hpp">
      <Filter>Header Files\occa\defines</Filter>
    </ClInclude>
    <ClInclude Include="..\..\include\occa\defines\CUDA.hpp">
      <Filter>Header Files\occa\defines</Filter>
    </ClInclude>
    <ClInclude Include="..\..\include\occa\defines\OpenCL.hpp">
      <Filter>Header Files\occa\defines</Filter>
    </ClInclude>
    <ClInclude Include="..\..\include\occa\defines\OpenMP.hpp">
      <Filter>Header Files\occa\defines</Filter>
    </ClInclude>
    <ClInclude Include="..\..\include\occa\defines\Pthreads.hpp">
      <Filter>Header Files\occa\defines</Filter>
    </ClInclude>
    <ClInclude Include="..\..\include\occa\defines\Serial.hpp">
      <Filter>Header Files\occa\defines</Filter>
    </ClInclude>
    <ClInclude Include="..\..\include\occa\defines\vector.hpp">
      <Filter>Header Files\occa\defines</Filter>
    </ClInclude>
    <ClInclude Include="..\..\include\occa\operators\cKernelOperators.hpp">
      <Filter>Header Files\occa\operators</Filter>
    </ClInclude>
    <ClInclude Include="..\..\include\occa\operators\declarations.hpp">
      <Filter>Header Files\occa\operators</Filter>
    </ClInclude>
    <ClInclude Include="..\..\include\occa\parser\analyzer.hpp">
      <Filter>Header Files\occa\parser</Filter>
    </ClInclude>
    <ClInclude Include="..\..\include\occa\parser\defines.hpp">
      <Filter>Header Files\occa\parser</Filter>
    </ClInclude>
    <ClInclude Include="..\..\include\occa\parser\magic.hpp">
      <Filter>Header Files\occa\parser</Filter>
    </ClInclude>
    <ClInclude Include="..\..\include\occa\parser\nodes.hpp">
      <Filter>Header Files\occa\parser</Filter>
    </ClInclude>
    <ClInclude Include="..\..\include\occa\parser\parser.hpp">
      <Filter>Header Files\occa\parser</Filter>
    </ClInclude>
    <ClInclude Include="..\..\include\occa\parser\preprocessor.hpp">
      <Filter>Header Files\occa\parser</Filter>
    </ClInclude>
    <ClInclude Include="..\..\include\occa\parser\statement.hpp">
      <Filter>Header Files\occa\parser</Filter>
    </ClInclude>
    <ClInclude Include="..\..\include\occa\parser\tools.hpp">
      <Filter>Header Files\occa\parser</Filter>
    </ClInclude>
    <ClInclude Include="..\..\include\occa\parser\types.hpp">
      <Filter>Header Files\occa\parser</Filter>
    </ClInclude>
    <ClInclude Include="..\..\include\occa\python\_C_occa.h">
      <Filter>Header Files\occa\python</Filter>
    </ClInclude>
    <ClInclude Include="..\..\include\occa\array.hpp">
      <Filter>Header Files\occa</Filter>
    </ClInclude>
    <ClInclude Include="..\..\include\occa\base.hpp">
      <Filter>Header Files\occa</Filter>
    </ClInclude>
    <ClInclude Include="..\..\include\occa\cBase.hpp">
      <Filter>Header Files\occa</Filter>
    </ClInclude>
    <ClInclude Include="..\..\include\occa\CUDA.hpp">
      <Filter>Header Files\occa</Filter>
    </ClInclude>
    <ClInclude Include="..\..\include\occa\defines.hpp">
      <Filter>Header Files\occa</Filter>
    </ClInclude>
    <ClInclude Include="..\..\include\occa\FC.hpp">
      <Filter>Header Files\occa</Filter>
    </ClInclude>
    <ClInclude Include="..\..\include\occa\fDefines.hpp">
      <Filter>Header Files\occa</Filter>
    </ClInclude>
    <ClInclude Include="..\..\include\occa\HSA.hpp">
      <Filter>Header Files\occa</Filter>
    </ClInclude>
    <ClInclude Include="..\..\include\occa\HSAV2.hpp">
      <Filter>Header Files\occa</Filter>
    </ClInclude>
    <ClInclude Include="..\..\include\occa\library.hpp">
      <Filter>Header Files\occa</Filter>
    </ClInclude>
    <ClInclude Include="..\..\include\occa\miniLib.hpp">
      <Filter>Header Files\occa</Filter>
    </ClInclude>
    <ClInclude Include="..\..\include\occa\objCBase.h">
      <Filter>Header Files\occa</Filter>
    </ClInclude>
    <ClInclude Include="..\..\include\occa\OpenCL.hpp">
      <Filter>Header Files\occa</Filter>
    </ClInclude>
    <ClInclude Include="..\..\include\occa\OpenMP.hpp">
      <Filter>Header Files\occa</Filter>
    </ClInclude>
    <ClInclude Include="..\..\include\occa\Pthreads.hpp">
      <Filter>Header Files\occa</Filter>
    </ClInclude>
    <ClInclude Include="..\..\include\occa\Serial.hpp">
      <Filter>Header Files\occa</Filter>
    </ClInclude>
    <ClInclude Include="..\..\include\occa\timer.hpp">
      <Filter>Header Files\occa</Filter>
    </ClInclude>
    <ClInclude Include="..\..\include\occa\tools.hpp">
      <Filter>Header Files\occa</Filter>
    </ClInclude>
    <ClInclude Include="..\..\include\occa\uva.hpp">
      <Filter>Header Files\occa</Filter>
    </ClInclude>
    <ClInclude Include="..\..\include\occa.hpp">
      <Filter>Header Files</Filter>
    </ClInclude>
    <ClInclude Include="..\..\include\occa_c.h">
      <Filter>Header Files</Filter>
    </ClInclude>
    <ClInclude Include="..\..\include\occa\defines\VisualStudio.hpp">
      <Filter>Header Files\occa\defines</Filter>
    </ClInclude>
  </ItemGroup>
  <ItemGroup>
    <None Include="..\..\include\occa\array\array.tpp">
      <Filter>Header Files\occa\array</Filter>
    </None>
  </ItemGroup>
  <ItemGroup>
    <ClCompile Include="..\..\src\base.cpp">
      <Filter>Source Files</Filter>
    </ClCompile>
    <ClCompile Include="..\..\src\cBase.cpp">
      <Filter>Source Files</Filter>
    </ClCompile>
    <ClCompile Include="..\..\src\CUDA.cpp">
      <Filter>Source Files</Filter>
    </ClCompile>
    <ClCompile Include="..\..\src\FC.cpp">
      <Filter>Source Files</Filter>
    </ClCompile>
    <ClCompile Include="..\..\src\HSA.cpp">
      <Filter>Source Files</Filter>
    </ClCompile>
    <ClCompile Include="..\..\src\HSAV2.cpp">
      <Filter>Source Files</Filter>
    </ClCompile>
    <ClCompile Include="..\..\src\library.cpp">
      <Filter>Source Files</Filter>
    </ClCompile>
    <ClCompile Include="..\..\src\miniLib.cpp">
      <Filter>Source Files</Filter>
    </ClCompile>
    <ClCompile Include="..\..\src\OpenCL.cpp">
      <Filter>Source Files</Filter>
    </ClCompile>
    <ClCompile Include="..\..\src\OpenMP.cpp">
      <Filter>Source Files</Filter>
    </ClCompile>
    <ClCompile Include="..\..\src\Pthreads.cpp">
      <Filter>Source Files</Filter>
    </ClCompile>
    <ClCompile Include="..\..\src\Serial.cpp">
      <Filter>Source Files</Filter>
    </ClCompile>
    <ClCompile Include="..\..\src\timer.cpp">
      <Filter>Source Files</Filter>
    </ClCompile>
    <ClCompile Include="..\..\src\tools.cpp">
      <Filter>Source Files</Filter>
    </ClCompile>
    <ClCompile Include="..\..\src\uva.cpp">
      <Filter>Source Files</Filter>
    </ClCompile>
    <ClCompile Include="..\..\src\operators\cKernelOperators.cpp">
      <Filter>Source Files\operators</Filter>
    </ClCompile>
    <ClCompile Include="..\..\src\operators\definitions.cpp">
      <Filter>Source Files\operators</Filter>
    </ClCompile>
    <ClCompile Include="..\..\src\operators\runFunctionFromArguments.cpp">
      <Filter>Source Files\operators</Filter>
    </ClCompile>
    <ClCompile Include="..\..\src\parser\analyzer.cpp">
      <Filter>Source Files\parser</Filter>
    </ClCompile>
    <ClCompile Include="..\..\src\parser\defines.cpp">
      <Filter>Source Files\parser</Filter>
    </ClCompile>
    <ClCompile Include="..\..\src\parser\magic.cpp">
      <Filter>Source Files\parser</Filter>
    </ClCompile>
    <ClCompile Include="..\..\src\parser\parser.cpp">
      <Filter>Source Files\parser</Filter>
    </ClCompile>
    <ClCompile Include="..\..\src\parser\preprocessor.cpp">
      <Filter>Source Files\parser</Filter>
    </ClCompile>
    <ClCompile Include="..\..\src\parser\statement.cpp">
      <Filter>Source Files\parser</Filter>
    </ClCompile>
    <ClCompile Include="..\..\src\parser\tools.cpp">
      <Filter>Source Files\parser</Filter>
    </ClCompile>
    <ClCompile Include="..\..\src\parser\types.cpp">
      <Filter>Source Files\parser</Filter>
    </ClCompile>
    <ClCompile Include="..\..\src\python\_C_occa.c">
      <Filter>Source Files\python</Filter>
    </ClCompile>
    <ClCompile Include="libocca.cpp">
      <Filter>Source Files</Filter>
    </ClCompile>
  </ItemGroup>
</Project>