
Microsoft Visual Studio Solution File, Format Version 11.00
# Visual Studio 2010
Project("{8BC9CEB8-8B4A-11D0-8D11-00A0C91BC942}") = "libocca", "libocca\libocca.vcxproj", "{02D8DE28-46E9-423E-8FA6-CC5A845E8995}"
EndProject
Project("{8BC9CEB8-8B4A-11D0-8D11-00A0C91BC942}") = "addVectors_cpp", "addVectors_cpp\addVectors_cpp.vcxproj", "{CE8B0F8D-B437-4988-AF6F-1B694CC0569A}"
	ProjectSection(ProjectDependencies) = postProject
		{02D8DE28-46E9-423E-8FA6-CC5A845E8995} = {02D8DE28-46E9-423E-8FA6-CC5A845E8995}
	EndProjectSection
EndProject
Project("{8BC9CEB8-8B4A-11D0-8D11-00A0C91BC942}") = "libocca_c", "libocca_c\libocca_c.vcxproj", "{4DB5E5A1-602D-4EA9-85C9-CB33288E8DD3}"
	ProjectSection(ProjectDependencies) = postProject
		{02D8DE28-46E9-423E-8FA6-CC5A845E8995} = {02D8DE28-46E9-423E-8FA6-CC5A845E8995}
	EndProjectSection
EndProject
Project("{8BC9CEB8-8B4A-11D0-8D11-00A0C91BC942}") = "occaKernelDefinesGenerator", "occaKernelDefinesGenerator\occaKernelDefinesGenerator.vcxproj", "{3E4AB152-4B78-46FA-ACF9-9313C532A2DB}"
EndProject
Project("{FAE04EC0-301F-11D3-BF4B-00C04F79EFBC}") = "liboccaSharp", "liboccaSharp\liboccaSharp.csproj", "{925D182A-DD1A-4066-B8F5-4D21CC00A25C}"
	ProjectSection(ProjectDependencies) = postProject
		{4DB5E5A1-602D-4EA9-85C9-CB33288E8DD3} = {4DB5E5A1-602D-4EA9-85C9-CB33288E8DD3}
	EndProjectSection
EndProject
Project("{FAE04EC0-301F-11D3-BF4B-00C04F79EFBC}") = "addVectors_sharp", "addVectors_sharp\addVectors_sharp.csproj", "{ADDD5010-D6D9-4DAD-81F9-EE08A0754C6E}"
EndProject
Global
	GlobalSection(SolutionConfigurationPlatforms) = preSolution
		Debug|x64 = Debug|x64
		Debug|x86 = Debug|x86
		Release|x64 = Release|x64
		Release|x86 = Release|x86
	EndGlobalSection
	GlobalSection(ProjectConfigurationPlatforms) = postSolution
		{02D8DE28-46E9-423E-8FA6-CC5A845E8995}.Debug|x64.ActiveCfg = Debug|x64
		{02D8DE28-46E9-423E-8FA6-CC5A845E8995}.Debug|x64.Build.0 = Debug|x64
		{02D8DE28-46E9-423E-8FA6-CC5A845E8995}.Debug|x86.ActiveCfg = Debug|Win32
		{02D8DE28-46E9-423E-8FA6-CC5A845E8995}.Debug|x86.Build.0 = Debug|Win32
		{02D8DE28-46E9-423E-8FA6-CC5A845E8995}.Release|x64.ActiveCfg = Release|x64
		{02D8DE28-46E9-423E-8FA6-CC5A845E8995}.Release|x64.Build.0 = Release|x64
		{02D8DE28-46E9-423E-8FA6-CC5A845E8995}.Release|x86.ActiveCfg = Release|Win32
		{02D8DE28-46E9-423E-8FA6-CC5A845E8995}.Release|x86.Build.0 = Release|Win32
		{CE8B0F8D-B437-4988-AF6F-1B694CC0569A}.Debug|x64.ActiveCfg = Debug|x64
		{CE8B0F8D-B437-4988-AF6F-1B694CC0569A}.Debug|x64.Build.0 = Debug|x64
		{CE8B0F8D-B437-4988-AF6F-1B694CC0569A}.Debug|x86.ActiveCfg = Debug|Win32
		{CE8B0F8D-B437-4988-AF6F-1B694CC0569A}.Debug|x86.Build.0 = Debug|Win32
		{CE8B0F8D-B437-4988-AF6F-1B694CC0569A}.Release|x64.ActiveCfg = Release|x64
		{CE8B0F8D-B437-4988-AF6F-1B694CC0569A}.Release|x64.Build.0 = Release|x64
		{CE8B0F8D-B437-4988-AF6F-1B694CC0569A}.Release|x86.ActiveCfg = Release|Win32
		{CE8B0F8D-B437-4988-AF6F-1B694CC0569A}.Release|x86.Build.0 = Release|Win32
		{4DB5E5A1-602D-4EA9-85C9-CB33288E8DD3}.Debug|x64.ActiveCfg = Debug|x64
		{4DB5E5A1-602D-4EA9-85C9-CB33288E8DD3}.Debug|x64.Build.0 = Debug|x64
		{4DB5E5A1-602D-4EA9-85C9-CB33288E8DD3}.Debug|x86.ActiveCfg = Debug|Win32
		{4DB5E5A1-602D-4EA9-85C9-CB33288E8DD3}.Debug|x86.Build.0 = Debug|Win32
		{4DB5E5A1-602D-4EA9-85C9-CB33288E8DD3}.Release|x64.ActiveCfg = Release|x64
		{4DB5E5A1-602D-4EA9-85C9-CB33288E8DD3}.Release|x64.Build.0 = Release|x64
		{4DB5E5A1-602D-4EA9-85C9-CB33288E8DD3}.Release|x86.ActiveCfg = Release|Win32
		{4DB5E5A1-602D-4EA9-85C9-CB33288E8DD3}.Release|x86.Build.0 = Release|Win32
		{3E4AB152-4B78-46FA-ACF9-9313C532A2DB}.Debug|x64.ActiveCfg = Debug|x64
		{3E4AB152-4B78-46FA-ACF9-9313C532A2DB}.Debug|x64.Build.0 = Debug|x64
		{3E4AB152-4B78-46FA-ACF9-9313C532A2DB}.Debug|x86.ActiveCfg = Debug|Win32
		{3E4AB152-4B78-46FA-ACF9-9313C532A2DB}.Debug|x86.Build.0 = Debug|Win32
		{3E4AB152-4B78-46FA-ACF9-9313C532A2DB}.Release|x64.ActiveCfg = Release|x64
		{3E4AB152-4B78-46FA-ACF9-9313C532A2DB}.Release|x64.Build.0 = Release|x64
		{3E4AB152-4B78-46FA-ACF9-9313C532A2DB}.Release|x86.ActiveCfg = Release|Win32
		{3E4AB152-4B78-46FA-ACF9-9313C532A2DB}.Release|x86.Build.0 = Release|Win32
		{925D182A-DD1A-4066-B8F5-4D21CC00A25C}.Debug|x64.ActiveCfg = Debug|Any CPU
		{925D182A-DD1A-4066-B8F5-4D21CC00A25C}.Debug|x64.Build.0 = Debug|Any CPU
		{925D182A-DD1A-4066-B8F5-4D21CC00A25C}.Debug|x86.ActiveCfg = Debug|Any CPU
		{925D182A-DD1A-4066-B8F5-4D21CC00A25C}.Debug|x86.Build.0 = Debug|Any CPU
		{925D182A-DD1A-4066-B8F5-4D21CC00A25C}.Release|x64.ActiveCfg = Release|Any CPU
		{925D182A-DD1A-4066-B8F5-4D21CC00A25C}.Release|x64.Build.0 = Release|Any CPU
		{925D182A-DD1A-4066-B8F5-4D21CC00A25C}.Release|x86.ActiveCfg = Release|Any CPU
		{925D182A-DD1A-4066-B8F5-4D21CC00A25C}.Release|x86.Build.0 = Release|Any CPU
		{ADDD5010-D6D9-4DAD-81F9-EE08A0754C6E}.Debug|x64.ActiveCfg = Debug|x64
		{ADDD5010-D6D9-4DAD-81F9-EE08A0754C6E}.Debug|x64.Build.0 = Debug|x64
		{ADDD5010-D6D9-4DAD-81F9-EE08A0754C6E}.Debug|x86.ActiveCfg = Debug|x86
		{ADDD5010-D6D9-4DAD-81F9-EE08A0754C6E}.Debug|x86.Build.0 = Debug|x86
		{ADDD5010-D6D9-4DAD-81F9-EE08A0754C6E}.Release|x64.ActiveCfg = Release|x64
		{ADDD5010-D6D9-4DAD-81F9-EE08A0754C6E}.Release|x64.Build.0 = Release|x64
		{ADDD5010-D6D9-4DAD-81F9-EE08A0754C6E}.Release|x86.ActiveCfg = Release|x86
		{ADDD5010-D6D9-4DAD-81F9-EE08A0754C6E}.Release|x86.Build.0 = Release|x86
	EndGlobalSection
	GlobalSection(SolutionProperties) = preSolution
		HideSolutionNode = FALSE
	EndGlobalSection
EndGlobal
